// !$*UTF8*$!
{
	archiveVersion = 1;
	classes = {
	};
	objectVersion = 56;
	objects = {

/* Begin PBXBuildFile section */
		AC0B0CE22B4DE72800D349D5 /* SalesApp.swift in Sources */ = {isa = PBXBuildFile; fileRef = AC0B0CE12B4DE72800D349D5 /* SalesApp.swift */; };
		AC0B0CE42B4DE72800D349D5 /* ContentView.swift in Sources */ = {isa = PBXBuildFile; fileRef = AC0B0CE32B4DE72800D349D5 /* ContentView.swift */; };
		AC0B0CE62B4DE72800D349D5 /* Item.swift in Sources */ = {isa = PBXBuildFile; fileRef = AC0B0CE52B4DE72800D349D5 /* Item.swift */; };
		AC0B0CE82B4DE72900D349D5 /* Assets.xcassets in Resources */ = {isa = PBXBuildFile; fileRef = AC0B0CE72B4DE72900D349D5 /* Assets.xcassets */; };
		AC0B0CEC2B4DE72900D349D5 /* Preview Assets.xcassets in Resources */ = {isa = PBXBuildFile; fileRef = AC0B0CEB2B4DE72900D349D5 /* Preview Assets.xcassets */; };
		AC0B0CF62B4DE72900D349D5 /* SalesTests.swift in Sources */ = {isa = PBXBuildFile; fileRef = AC0B0CF52B4DE72900D349D5 /* SalesTests.swift */; };
		AC0B0D002B4DE72900D349D5 /* SalesUITests.swift in Sources */ = {isa = PBXBuildFile; fileRef = AC0B0CFF2B4DE72900D349D5 /* SalesUITests.swift */; };
		AC0B0D022B4DE72900D349D5 /* SalesUITestsLaunchTests.swift in Sources */ = {isa = PBXBuildFile; fileRef = AC0B0D012B4DE72900D349D5 /* SalesUITestsLaunchTests.swift */; };
		ACBEB78D2B641D6300ADF9E3 /* Display.swift in Sources */ = {isa = PBXBuildFile; fileRef = ACBEB7892B641D6300ADF9E3 /* Display.swift */; };
		ACBEB78E2B641D6300ADF9E3 /* ComputerFeature.swift in Sources */ = {isa = PBXBuildFile; fileRef = ACBEB78A2B641D6300ADF9E3 /* ComputerFeature.swift */; };
		ACBEB78F2B641D6300ADF9E3 /* Code.swift in Sources */ = {isa = PBXBuildFile; fileRef = ACBEB78B2B641D6300ADF9E3 /* Code.swift */; };
		ACBEB7902B641D6300ADF9E3 /* Category.swift in Sources */ = {isa = PBXBuildFile; fileRef = ACBEB78C2B641D6300ADF9E3 /* Category.swift */; };
		ACBEB79A2B641D7300ADF9E3 /* Storage.swift in Sources */ = {isa = PBXBuildFile; fileRef = ACBEB7962B641D7300ADF9E3 /* Storage.swift */; };
		ACBEB79B2B641D7300ADF9E3 /* Information.swift in Sources */ = {isa = PBXBuildFile; fileRef = ACBEB7982B641D7300ADF9E3 /* Information.swift */; };
		ACBEB79C2B641D7300ADF9E3 /* Images.swift in Sources */ = {isa = PBXBuildFile; fileRef = ACBEB7942B641D7300ADF9E3 /* Images.swift */; };
		ACBEB79D2B641D7300ADF9E3 /* Product.swift in Sources */ = {isa = PBXBuildFile; fileRef = ACBEB7972B641D7300ADF9E3 /* Product.swift */; };
		ACBEB79E2B641D7300ADF9E3 /* Price.swift in Sources */ = {isa = PBXBuildFile; fileRef = ACBEB7992B641D7300ADF9E3 /* Price.swift */; };
		ACBEB79F2B641D7300ADF9E3 /* Warranty.swift in Sources */ = {isa = PBXBuildFile; fileRef = ACBEB7932B641D7300ADF9E3 /* Warranty.swift */; };
		ACBEB7A02B641D7300ADF9E3 /* Size.swift in Sources */ = {isa = PBXBuildFile; fileRef = ACBEB7952B641D7300ADF9E3 /* Size.swift */; };
		ACBEB7A12B641D7300ADF9E3 /* Specifications.swift in Sources */ = {isa = PBXBuildFile; fileRef = ACBEB7922B641D7300ADF9E3 /* Specifications.swift */; };
		ACBEB7A22B641D7300ADF9E3 /* Offer.swift in Sources */ = {isa = PBXBuildFile; fileRef = ACBEB7912B641D7300ADF9E3 /* Offer.swift */; };
/* End PBXBuildFile section */

/* Begin PBXContainerItemProxy section */
		AC0B0CF22B4DE72900D349D5 /* PBXContainerItemProxy */ = {
			isa = PBXContainerItemProxy;
			containerPortal = AC0B0CD62B4DE72800D349D5 /* Project object */;
			proxyType = 1;
			remoteGlobalIDString = AC0B0CDD2B4DE72800D349D5;
			remoteInfo = Sales;
		};
		AC0B0CFC2B4DE72900D349D5 /* PBXContainerItemProxy */ = {
			isa = PBXContainerItemProxy;
			containerPortal = AC0B0CD62B4DE72800D349D5 /* Project object */;
			proxyType = 1;
			remoteGlobalIDString = AC0B0CDD2B4DE72800D349D5;
			remoteInfo = Sales;
		};
/* End PBXContainerItemProxy section */

/* Begin PBXFileReference section */
		AC0B0CDE2B4DE72800D349D5 /* Sales.app */ = {isa = PBXFileReference; explicitFileType = wrapper.application; includeInIndex = 0; path = Sales.app; sourceTree = BUILT_PRODUCTS_DIR; };
		AC0B0CE12B4DE72800D349D5 /* SalesApp.swift */ = {isa = PBXFileReference; lastKnownFileType = sourcecode.swift; path = SalesApp.swift; sourceTree = "<group>"; };
		AC0B0CE32B4DE72800D349D5 /* ContentView.swift */ = {isa = PBXFileReference; lastKnownFileType = sourcecode.swift; path = ContentView.swift; sourceTree = "<group>"; };
		AC0B0CE52B4DE72800D349D5 /* Item.swift */ = {isa = PBXFileReference; lastKnownFileType = sourcecode.swift; path = Item.swift; sourceTree = "<group>"; };
		AC0B0CE72B4DE72900D349D5 /* Assets.xcassets */ = {isa = PBXFileReference; lastKnownFileType = folder.assetcatalog; path = Assets.xcassets; sourceTree = "<group>"; };
		AC0B0CE92B4DE72900D349D5 /* Sales.entitlements */ = {isa = PBXFileReference; lastKnownFileType = text.plist.entitlements; path = Sales.entitlements; sourceTree = "<group>"; };
		AC0B0CEB2B4DE72900D349D5 /* Preview Assets.xcassets */ = {isa = PBXFileReference; lastKnownFileType = folder.assetcatalog; path = "Preview Assets.xcassets"; sourceTree = "<group>"; };
		AC0B0CF12B4DE72900D349D5 /* SalesTests.xctest */ = {isa = PBXFileReference; explicitFileType = wrapper.cfbundle; includeInIndex = 0; path = SalesTests.xctest; sourceTree = BUILT_PRODUCTS_DIR; };
		AC0B0CF52B4DE72900D349D5 /* SalesTests.swift */ = {isa = PBXFileReference; lastKnownFileType = sourcecode.swift; path = SalesTests.swift; sourceTree = "<group>"; };
		AC0B0CFB2B4DE72900D349D5 /* SalesUITests.xctest */ = {isa = PBXFileReference; explicitFileType = wrapper.cfbundle; includeInIndex = 0; path = SalesUITests.xctest; sourceTree = BUILT_PRODUCTS_DIR; };
		AC0B0CFF2B4DE72900D349D5 /* SalesUITests.swift */ = {isa = PBXFileReference; lastKnownFileType = sourcecode.swift; path = SalesUITests.swift; sourceTree = "<group>"; };
		AC0B0D012B4DE72900D349D5 /* SalesUITestsLaunchTests.swift */ = {isa = PBXFileReference; lastKnownFileType = sourcecode.swift; path = SalesUITestsLaunchTests.swift; sourceTree = "<group>"; };
		ACBEB7892B641D6300ADF9E3 /* Display.swift */ = {isa = PBXFileReference; fileEncoding = 4; lastKnownFileType = sourcecode.swift; path = Display.swift; sourceTree = "<group>"; };
		ACBEB78A2B641D6300ADF9E3 /* ComputerFeature.swift */ = {isa = PBXFileReference; fileEncoding = 4; lastKnownFileType = sourcecode.swift; path = ComputerFeature.swift; sourceTree = "<group>"; };
		ACBEB78B2B641D6300ADF9E3 /* Code.swift */ = {isa = PBXFileReference; fileEncoding = 4; lastKnownFileType = sourcecode.swift; path = Code.swift; sourceTree = "<group>"; };
		ACBEB78C2B641D6300ADF9E3 /* Category.swift */ = {isa = PBXFileReference; fileEncoding = 4; lastKnownFileType = sourcecode.swift; path = Category.swift; sourceTree = "<group>"; };
		ACBEB7912B641D7300ADF9E3 /* Offer.swift */ = {isa = PBXFileReference; lastKnownFileType = sourcecode.swift; path = Offer.swift; sourceTree = "<group>"; };
		ACBEB7922B641D7300ADF9E3 /* Specifications.swift */ = {isa = PBXFileReference; lastKnownFileType = sourcecode.swift; path = Specifications.swift; sourceTree = "<group>"; };
		ACBEB7932B641D7300ADF9E3 /* Warranty.swift */ = {isa = PBXFileReference; lastKnownFileType = sourcecode.swift; path = Warranty.swift; sourceTree = "<group>"; };
		ACBEB7942B641D7300ADF9E3 /* Images.swift */ = {isa = PBXFileReference; lastKnownFileType = sourcecode.swift; path = Images.swift; sourceTree = "<group>"; };
		ACBEB7952B641D7300ADF9E3 /* Size.swift */ = {isa = PBXFileReference; lastKnownFileType = sourcecode.swift; path = Size.swift; sourceTree = "<group>"; };
		ACBEB7962B641D7300ADF9E3 /* Storage.swift */ = {isa = PBXFileReference; lastKnownFileType = sourcecode.swift; path = Storage.swift; sourceTree = "<group>"; };
		ACBEB7972B641D7300ADF9E3 /* Product.swift */ = {isa = PBXFileReference; lastKnownFileType = sourcecode.swift; path = Product.swift; sourceTree = "<group>"; };
		ACBEB7982B641D7300ADF9E3 /* Information.swift */ = {isa = PBXFileReference; lastKnownFileType = sourcecode.swift; path = Information.swift; sourceTree = "<group>"; };
		ACBEB7992B641D7300ADF9E3 /* Price.swift */ = {isa = PBXFileReference; lastKnownFileType = sourcecode.swift; path = Price.swift; sourceTree = "<group>"; };
/* End PBXFileReference section */

/* Begin PBXFrameworksBuildPhase section */
		AC0B0CDB2B4DE72800D349D5 /* Frameworks */ = {
			isa = PBXFrameworksBuildPhase;
			buildActionMask = 2147483647;
			files = (
			);
			runOnlyForDeploymentPostprocessing = 0;
		};
		AC0B0CEE2B4DE72900D349D5 /* Frameworks */ = {
			isa = PBXFrameworksBuildPhase;
			buildActionMask = 2147483647;
			files = (
			);
			runOnlyForDeploymentPostprocessing = 0;
		};
		AC0B0CF82B4DE72900D349D5 /* Frameworks */ = {
			isa = PBXFrameworksBuildPhase;
			buildActionMask = 2147483647;
			files = (
			);
			runOnlyForDeploymentPostprocessing = 0;
		};
/* End PBXFrameworksBuildPhase section */

/* Begin PBXGroup section */
		AC0B0CD52B4DE72800D349D5 = {
			isa = PBXGroup;
			children = (
				AC0B0CE02B4DE72800D349D5 /* Sales */,
				AC0B0CF42B4DE72900D349D5 /* SalesTests */,
				AC0B0CFE2B4DE72900D349D5 /* SalesUITests */,
				AC0B0CDF2B4DE72800D349D5 /* Products */,
			);
			sourceTree = "<group>";
		};
		AC0B0CDF2B4DE72800D349D5 /* Products */ = {
			isa = PBXGroup;
			children = (
				AC0B0CDE2B4DE72800D349D5 /* Sales.app */,
				AC0B0CF12B4DE72900D349D5 /* SalesTests.xctest */,
				AC0B0CFB2B4DE72900D349D5 /* SalesUITests.xctest */,
			);
			name = Products;
			sourceTree = "<group>";
		};
		AC0B0CE02B4DE72800D349D5 /* Sales */ = {
			isa = PBXGroup;
			children = (
				ACBEB7812B641D0000ADF9E3 /* app */,
				AC0B0CE12B4DE72800D349D5 /* SalesApp.swift */,
				AC0B0CE32B4DE72800D349D5 /* ContentView.swift */,
				AC0B0CE52B4DE72800D349D5 /* Item.swift */,
				AC0B0CE72B4DE72900D349D5 /* Assets.xcassets */,
				AC0B0CE92B4DE72900D349D5 /* Sales.entitlements */,
				AC0B0CEA2B4DE72900D349D5 /* Preview Content */,
			);
			path = Sales;
			sourceTree = "<group>";
		};
		AC0B0CEA2B4DE72900D349D5 /* Preview Content */ = {
			isa = PBXGroup;
			children = (
				AC0B0CEB2B4DE72900D349D5 /* Preview Assets.xcassets */,
			);
			path = "Preview Content";
			sourceTree = "<group>";
		};
		AC0B0CF42B4DE72900D349D5 /* SalesTests */ = {
			isa = PBXGroup;
			children = (
				AC0B0CF52B4DE72900D349D5 /* SalesTests.swift */,
			);
			path = SalesTests;
			sourceTree = "<group>";
		};
		AC0B0CFE2B4DE72900D349D5 /* SalesUITests */ = {
			isa = PBXGroup;
			children = (
				AC0B0CFF2B4DE72900D349D5 /* SalesUITests.swift */,
				AC0B0D012B4DE72900D349D5 /* SalesUITestsLaunchTests.swift */,
			);
			path = SalesUITests;
			sourceTree = "<group>";
		};
		ACBEB7812B641D0000ADF9E3 /* app */ = {
			isa = PBXGroup;
			children = (
				ACBEB7822B641D1D00ADF9E3 /* features */,
			);
			path = app;
			sourceTree = "<group>";
		};
		ACBEB7822B641D1D00ADF9E3 /* features */ = {
			isa = PBXGroup;
			children = (
				ACBEB7832B641D2800ADF9E3 /* main */,
			);
			path = features;
			sourceTree = "<group>";
		};
		ACBEB7832B641D2800ADF9E3 /* main */ = {
			isa = PBXGroup;
			children = (
				ACBEB7862B641D3700ADF9E3 /* presentation */,
				ACBEB7852B641D3300ADF9E3 /* domain */,
				ACBEB7842B641D3000ADF9E3 /* data */,
			);
			path = main;
			sourceTree = "<group>";
		};
		ACBEB7842B641D3000ADF9E3 /* data */ = {
			isa = PBXGroup;
			children = (
				ACBEB7872B641D4800ADF9E3 /* entity */,
			);
			path = data;
			sourceTree = "<group>";
		};
		ACBEB7852B641D3300ADF9E3 /* domain */ = {
			isa = PBXGroup;
			children = (
			);
			path = domain;
			sourceTree = "<group>";
		};
		ACBEB7862B641D3700ADF9E3 /* presentation */ = {
			isa = PBXGroup;
			children = (
			);
			path = presentation;
			sourceTree = "<group>";
		};
		ACBEB7872B641D4800ADF9E3 /* entity */ = {
			isa = PBXGroup;
			children = (
				ACBEB7882B641D4F00ADF9E3 /* sales */,
			);
			path = entity;
			sourceTree = "<group>";
		};
		ACBEB7882B641D4F00ADF9E3 /* sales */ = {
			isa = PBXGroup;
			children = (
				ACBEB78C2B641D6300ADF9E3 /* Category.swift */,
				ACBEB78B2B641D6300ADF9E3 /* Code.swift */,
				ACBEB78A2B641D6300ADF9E3 /* ComputerFeature.swift */,
				ACBEB7892B641D6300ADF9E3 /* Display.swift */,
				ACBEB7942B641D7300ADF9E3 /* Images.swift */,
				ACBEB7982B641D7300ADF9E3 /* Information.swift */,
				ACBEB7912B641D7300ADF9E3 /* Offer.swift */,
				ACBEB7992B641D7300ADF9E3 /* Price.swift */,
				ACBEB7972B641D7300ADF9E3 /* Product.swift */,
				ACBEB7952B641D7300ADF9E3 /* Size.swift */,
				ACBEB7922B641D7300ADF9E3 /* Specifications.swift */,
				ACBEB7962B641D7300ADF9E3 /* Storage.swift */,
				ACBEB7932B641D7300ADF9E3 /* Warranty.swift */,
			);
			path = sales;
			sourceTree = "<group>";
		};
/* End PBXGroup section */

/* Begin PBXNativeTarget section */
		AC0B0CDD2B4DE72800D349D5 /* Sales */ = {
			isa = PBXNativeTarget;
			buildConfigurationList = AC0B0D052B4DE72900D349D5 /* Build configuration list for PBXNativeTarget "Sales" */;
			buildPhases = (
				AC0B0CDA2B4DE72800D349D5 /* Sources */,
				AC0B0CDB2B4DE72800D349D5 /* Frameworks */,
				AC0B0CDC2B4DE72800D349D5 /* Resources */,
			);
			buildRules = (
			);
			dependencies = (
			);
			name = Sales;
			productName = Sales;
			productReference = AC0B0CDE2B4DE72800D349D5 /* Sales.app */;
			productType = "com.apple.product-type.application";
		};
		AC0B0CF02B4DE72900D349D5 /* SalesTests */ = {
			isa = PBXNativeTarget;
			buildConfigurationList = AC0B0D082B4DE72900D349D5 /* Build configuration list for PBXNativeTarget "SalesTests" */;
			buildPhases = (
				AC0B0CED2B4DE72900D349D5 /* Sources */,
				AC0B0CEE2B4DE72900D349D5 /* Frameworks */,
				AC0B0CEF2B4DE72900D349D5 /* Resources */,
			);
			buildRules = (
			);
			dependencies = (
				AC0B0CF32B4DE72900D349D5 /* PBXTargetDependency */,
			);
			name = SalesTests;
			productName = SalesTests;
			productReference = AC0B0CF12B4DE72900D349D5 /* SalesTests.xctest */;
			productType = "com.apple.product-type.bundle.unit-test";
		};
		AC0B0CFA2B4DE72900D349D5 /* SalesUITests */ = {
			isa = PBXNativeTarget;
			buildConfigurationList = AC0B0D0B2B4DE72900D349D5 /* Build configuration list for PBXNativeTarget "SalesUITests" */;
			buildPhases = (
				AC0B0CF72B4DE72900D349D5 /* Sources */,
				AC0B0CF82B4DE72900D349D5 /* Frameworks */,
				AC0B0CF92B4DE72900D349D5 /* Resources */,
			);
			buildRules = (
			);
			dependencies = (
				AC0B0CFD2B4DE72900D349D5 /* PBXTargetDependency */,
			);
			name = SalesUITests;
			productName = SalesUITests;
			productReference = AC0B0CFB2B4DE72900D349D5 /* SalesUITests.xctest */;
			productType = "com.apple.product-type.bundle.ui-testing";
		};
/* End PBXNativeTarget section */

/* Begin PBXProject section */
		AC0B0CD62B4DE72800D349D5 /* Project object */ = {
			isa = PBXProject;
			attributes = {
				BuildIndependentTargetsInParallel = 1;
				LastSwiftUpdateCheck = 1520;
				LastUpgradeCheck = 1520;
				TargetAttributes = {
					AC0B0CDD2B4DE72800D349D5 = {
						CreatedOnToolsVersion = 15.2;
					};
					AC0B0CF02B4DE72900D349D5 = {
						CreatedOnToolsVersion = 15.2;
						TestTargetID = AC0B0CDD2B4DE72800D349D5;
					};
					AC0B0CFA2B4DE72900D349D5 = {
						CreatedOnToolsVersion = 15.2;
						TestTargetID = AC0B0CDD2B4DE72800D349D5;
					};
				};
			};
			buildConfigurationList = AC0B0CD92B4DE72800D349D5 /* Build configuration list for PBXProject "Sales" */;
			compatibilityVersion = "Xcode 14.0";
			developmentRegion = en;
			hasScannedForEncodings = 0;
			knownRegions = (
				en,
				Base,
			);
			mainGroup = AC0B0CD52B4DE72800D349D5;
			productRefGroup = AC0B0CDF2B4DE72800D349D5 /* Products */;
			projectDirPath = "";
			projectRoot = "";
			targets = (
				AC0B0CDD2B4DE72800D349D5 /* Sales */,
				AC0B0CF02B4DE72900D349D5 /* SalesTests */,
				AC0B0CFA2B4DE72900D349D5 /* SalesUITests */,
			);
		};
/* End PBXProject section */

/* Begin PBXResourcesBuildPhase section */
		AC0B0CDC2B4DE72800D349D5 /* Resources */ = {
			isa = PBXResourcesBuildPhase;
			buildActionMask = 2147483647;
			files = (
				AC0B0CEC2B4DE72900D349D5 /* Preview Assets.xcassets in Resources */,
				AC0B0CE82B4DE72900D349D5 /* Assets.xcassets in Resources */,
			);
			runOnlyForDeploymentPostprocessing = 0;
		};
		AC0B0CEF2B4DE72900D349D5 /* Resources */ = {
			isa = PBXResourcesBuildPhase;
			buildActionMask = 2147483647;
			files = (
			);
			runOnlyForDeploymentPostprocessing = 0;
		};
		AC0B0CF92B4DE72900D349D5 /* Resources */ = {
			isa = PBXResourcesBuildPhase;
			buildActionMask = 2147483647;
			files = (
			);
			runOnlyForDeploymentPostprocessing = 0;
		};
/* End PBXResourcesBuildPhase section */

/* Begin PBXSourcesBuildPhase section */
		AC0B0CDA2B4DE72800D349D5 /* Sources */ = {
			isa = PBXSourcesBuildPhase;
			buildActionMask = 2147483647;
			files = (
				ACBEB79B2B641D7300ADF9E3 /* Information.swift in Sources */,
				AC0B0CE42B4DE72800D349D5 /* ContentView.swift in Sources */,
				AC0B0CE62B4DE72800D349D5 /* Item.swift in Sources */,
				ACBEB7A12B641D7300ADF9E3 /* Specifications.swift in Sources */,
				ACBEB78E2B641D6300ADF9E3 /* ComputerFeature.swift in Sources */,
				ACBEB78D2B641D6300ADF9E3 /* Display.swift in Sources */,
				ACBEB79E2B641D7300ADF9E3 /* Price.swift in Sources */,
				ACBEB79F2B641D7300ADF9E3 /* Warranty.swift in Sources */,
				ACBEB7A22B641D7300ADF9E3 /* Offer.swift in Sources */,
				ACBEB79D2B641D7300ADF9E3 /* Product.swift in Sources */,
				ACBEB7A02B641D7300ADF9E3 /* Size.swift in Sources */,
				ACBEB78F2B641D6300ADF9E3 /* Code.swift in Sources */,
				ACBEB79A2B641D7300ADF9E3 /* Storage.swift in Sources */,
				ACBEB79C2B641D7300ADF9E3 /* Images.swift in Sources */,
				AC0B0CE22B4DE72800D349D5 /* SalesApp.swift in Sources */,
				ACBEB7902B641D6300ADF9E3 /* Category.swift in Sources */,
			);
			runOnlyForDeploymentPostprocessing = 0;
		};
		AC0B0CED2B4DE72900D349D5 /* Sources */ = {
			isa = PBXSourcesBuildPhase;
			buildActionMask = 2147483647;
			files = (
				AC0B0CF62B4DE72900D349D5 /* SalesTests.swift in Sources */,
			);
			runOnlyForDeploymentPostprocessing = 0;
		};
		AC0B0CF72B4DE72900D349D5 /* Sources */ = {
			isa = PBXSourcesBuildPhase;
			buildActionMask = 2147483647;
			files = (
				AC0B0D002B4DE72900D349D5 /* SalesUITests.swift in Sources */,
				AC0B0D022B4DE72900D349D5 /* SalesUITestsLaunchTests.swift in Sources */,
			);
			runOnlyForDeploymentPostprocessing = 0;
		};
/* End PBXSourcesBuildPhase section */

/* Begin PBXTargetDependency section */
		AC0B0CF32B4DE72900D349D5 /* PBXTargetDependency */ = {
			isa = PBXTargetDependency;
			target = AC0B0CDD2B4DE72800D349D5 /* Sales */;
			targetProxy = AC0B0CF22B4DE72900D349D5 /* PBXContainerItemProxy */;
		};
		AC0B0CFD2B4DE72900D349D5 /* PBXTargetDependency */ = {
			isa = PBXTargetDependency;
			target = AC0B0CDD2B4DE72800D349D5 /* Sales */;
			targetProxy = AC0B0CFC2B4DE72900D349D5 /* PBXContainerItemProxy */;
		};
/* End PBXTargetDependency section */

/* Begin XCBuildConfiguration section */
		AC0B0D032B4DE72900D349D5 /* Debug */ = {
			isa = XCBuildConfiguration;
			buildSettings = {
				ALWAYS_SEARCH_USER_PATHS = NO;
				ASSETCATALOG_COMPILER_GENERATE_SWIFT_ASSET_SYMBOL_EXTENSIONS = YES;
				CLANG_ANALYZER_NONNULL = YES;
				CLANG_ANALYZER_NUMBER_OBJECT_CONVERSION = YES_AGGRESSIVE;
				CLANG_CXX_LANGUAGE_STANDARD = "gnu++20";
				CLANG_ENABLE_MODULES = YES;
				CLANG_ENABLE_OBJC_ARC = YES;
				CLANG_ENABLE_OBJC_WEAK = YES;
				CLANG_WARN_BLOCK_CAPTURE_AUTORELEASING = YES;
				CLANG_WARN_BOOL_CONVERSION = YES;
				CLANG_WARN_COMMA = YES;
				CLANG_WARN_CONSTANT_CONVERSION = YES;
				CLANG_WARN_DEPRECATED_OBJC_IMPLEMENTATIONS = YES;
				CLANG_WARN_DIRECT_OBJC_ISA_USAGE = YES_ERROR;
				CLANG_WARN_DOCUMENTATION_COMMENTS = YES;
				CLANG_WARN_EMPTY_BODY = YES;
				CLANG_WARN_ENUM_CONVERSION = YES;
				CLANG_WARN_INFINITE_RECURSION = YES;
				CLANG_WARN_INT_CONVERSION = YES;
				CLANG_WARN_NON_LITERAL_NULL_CONVERSION = YES;
				CLANG_WARN_OBJC_IMPLICIT_RETAIN_SELF = YES;
				CLANG_WARN_OBJC_LITERAL_CONVERSION = YES;
				CLANG_WARN_OBJC_ROOT_CLASS = YES_ERROR;
				CLANG_WARN_QUOTED_INCLUDE_IN_FRAMEWORK_HEADER = YES;
				CLANG_WARN_RANGE_LOOP_ANALYSIS = YES;
				CLANG_WARN_STRICT_PROTOTYPES = YES;
				CLANG_WARN_SUSPICIOUS_MOVE = YES;
				CLANG_WARN_UNGUARDED_AVAILABILITY = YES_AGGRESSIVE;
				CLANG_WARN_UNREACHABLE_CODE = YES;
				CLANG_WARN__DUPLICATE_METHOD_MATCH = YES;
				COPY_PHASE_STRIP = NO;
				DEBUG_INFORMATION_FORMAT = dwarf;
				ENABLE_STRICT_OBJC_MSGSEND = YES;
				ENABLE_TESTABILITY = YES;
				ENABLE_USER_SCRIPT_SANDBOXING = YES;
				GCC_C_LANGUAGE_STANDARD = gnu17;
				GCC_DYNAMIC_NO_PIC = NO;
				GCC_NO_COMMON_BLOCKS = YES;
				GCC_OPTIMIZATION_LEVEL = 0;
				GCC_PREPROCESSOR_DEFINITIONS = (
					"DEBUG=1",
					"$(inherited)",
				);
				GCC_WARN_64_TO_32_BIT_CONVERSION = YES;
				GCC_WARN_ABOUT_RETURN_TYPE = YES_ERROR;
				GCC_WARN_UNDECLARED_SELECTOR = YES;
				GCC_WARN_UNINITIALIZED_AUTOS = YES_AGGRESSIVE;
				GCC_WARN_UNUSED_FUNCTION = YES;
				GCC_WARN_UNUSED_VARIABLE = YES;
				LOCALIZATION_PREFERS_STRING_CATALOGS = YES;
				MTL_ENABLE_DEBUG_INFO = INCLUDE_SOURCE;
				MTL_FAST_MATH = YES;
				ONLY_ACTIVE_ARCH = YES;
				SWIFT_ACTIVE_COMPILATION_CONDITIONS = "DEBUG $(inherited)";
				SWIFT_OPTIMIZATION_LEVEL = "-Onone";
			};
			name = Debug;
		};
		AC0B0D042B4DE72900D349D5 /* Release */ = {
			isa = XCBuildConfiguration;
			buildSettings = {
				ALWAYS_SEARCH_USER_PATHS = NO;
				ASSETCATALOG_COMPILER_GENERATE_SWIFT_ASSET_SYMBOL_EXTENSIONS = YES;
				CLANG_ANALYZER_NONNULL = YES;
				CLANG_ANALYZER_NUMBER_OBJECT_CONVERSION = YES_AGGRESSIVE;
				CLANG_CXX_LANGUAGE_STANDARD = "gnu++20";
				CLANG_ENABLE_MODULES = YES;
				CLANG_ENABLE_OBJC_ARC = YES;
				CLANG_ENABLE_OBJC_WEAK = YES;
				CLANG_WARN_BLOCK_CAPTURE_AUTORELEASING = YES;
				CLANG_WARN_BOOL_CONVERSION = YES;
				CLANG_WARN_COMMA = YES;
				CLANG_WARN_CONSTANT_CONVERSION = YES;
				CLANG_WARN_DEPRECATED_OBJC_IMPLEMENTATIONS = YES;
				CLANG_WARN_DIRECT_OBJC_ISA_USAGE = YES_ERROR;
				CLANG_WARN_DOCUMENTATION_COMMENTS = YES;
				CLANG_WARN_EMPTY_BODY = YES;
				CLANG_WARN_ENUM_CONVERSION = YES;
				CLANG_WARN_INFINITE_RECURSION = YES;
				CLANG_WARN_INT_CONVERSION = YES;
				CLANG_WARN_NON_LITERAL_NULL_CONVERSION = YES;
				CLANG_WARN_OBJC_IMPLICIT_RETAIN_SELF = YES;
				CLANG_WARN_OBJC_LITERAL_CONVERSION = YES;
				CLANG_WARN_OBJC_ROOT_CLASS = YES_ERROR;
				CLANG_WARN_QUOTED_INCLUDE_IN_FRAMEWORK_HEADER = YES;
				CLANG_WARN_RANGE_LOOP_ANALYSIS = YES;
				CLANG_WARN_STRICT_PROTOTYPES = YES;
				CLANG_WARN_SUSPICIOUS_MOVE = YES;
				CLANG_WARN_UNGUARDED_AVAILABILITY = YES_AGGRESSIVE;
				CLANG_WARN_UNREACHABLE_CODE = YES;
				CLANG_WARN__DUPLICATE_METHOD_MATCH = YES;
				COPY_PHASE_STRIP = NO;
				DEBUG_INFORMATION_FORMAT = "dwarf-with-dsym";
				ENABLE_NS_ASSERTIONS = NO;
				ENABLE_STRICT_OBJC_MSGSEND = YES;
				ENABLE_USER_SCRIPT_SANDBOXING = YES;
				GCC_C_LANGUAGE_STANDARD = gnu17;
				GCC_NO_COMMON_BLOCKS = YES;
				GCC_WARN_64_TO_32_BIT_CONVERSION = YES;
				GCC_WARN_ABOUT_RETURN_TYPE = YES_ERROR;
				GCC_WARN_UNDECLARED_SELECTOR = YES;
				GCC_WARN_UNINITIALIZED_AUTOS = YES_AGGRESSIVE;
				GCC_WARN_UNUSED_FUNCTION = YES;
				GCC_WARN_UNUSED_VARIABLE = YES;
				LOCALIZATION_PREFERS_STRING_CATALOGS = YES;
				MTL_ENABLE_DEBUG_INFO = NO;
				MTL_FAST_MATH = YES;
				SWIFT_COMPILATION_MODE = wholemodule;
			};
			name = Release;
		};
		AC0B0D062B4DE72900D349D5 /* Debug */ = {
			isa = XCBuildConfiguration;
			buildSettings = {
				ASSETCATALOG_COMPILER_APPICON_NAME = AppIcon;
				ASSETCATALOG_COMPILER_GLOBAL_ACCENT_COLOR_NAME = AccentColor;
				CODE_SIGN_ENTITLEMENTS = Sales/Sales.entitlements;
				CODE_SIGN_STYLE = Automatic;
				CURRENT_PROJECT_VERSION = 1;
				DEVELOPMENT_ASSET_PATHS = "\"Sales/Preview Content\"";
				ENABLE_PREVIEWS = YES;
				GENERATE_INFOPLIST_FILE = YES;
				"INFOPLIST_KEY_UIApplicationSceneManifest_Generation[sdk=iphoneos*]" = YES;
				"INFOPLIST_KEY_UIApplicationSceneManifest_Generation[sdk=iphonesimulator*]" = YES;
				"INFOPLIST_KEY_UIApplicationSupportsIndirectInputEvents[sdk=iphoneos*]" = YES;
				"INFOPLIST_KEY_UIApplicationSupportsIndirectInputEvents[sdk=iphonesimulator*]" = YES;
				"INFOPLIST_KEY_UILaunchScreen_Generation[sdk=iphoneos*]" = YES;
				"INFOPLIST_KEY_UILaunchScreen_Generation[sdk=iphonesimulator*]" = YES;
				"INFOPLIST_KEY_UIStatusBarStyle[sdk=iphoneos*]" = UIStatusBarStyleDefault;
				"INFOPLIST_KEY_UIStatusBarStyle[sdk=iphonesimulator*]" = UIStatusBarStyleDefault;
				INFOPLIST_KEY_UISupportedInterfaceOrientations_iPad = "UIInterfaceOrientationPortrait UIInterfaceOrientationPortraitUpsideDown UIInterfaceOrientationLandscapeLeft UIInterfaceOrientationLandscapeRight";
				INFOPLIST_KEY_UISupportedInterfaceOrientations_iPhone = "UIInterfaceOrientationPortrait UIInterfaceOrientationLandscapeLeft UIInterfaceOrientationLandscapeRight";
				IPHONEOS_DEPLOYMENT_TARGET = 17.2;
				LD_RUNPATH_SEARCH_PATHS = "@executable_path/Frameworks";
				"LD_RUNPATH_SEARCH_PATHS[sdk=macosx*]" = "@executable_path/../Frameworks";
				MACOSX_DEPLOYMENT_TARGET = 14.0;
				MARKETING_VERSION = 1.0;
				PRODUCT_BUNDLE_IDENTIFIER = com.premierdarkcoffee.Sales;
				PRODUCT_NAME = "$(TARGET_NAME)";
				SDKROOT = auto;
				SUPPORTED_PLATFORMS = "iphoneos iphonesimulator macosx";
				SWIFT_EMIT_LOC_STRINGS = YES;
				SWIFT_VERSION = 5.0;
				TARGETED_DEVICE_FAMILY = "1,2";
			};
			name = Debug;
		};
		AC0B0D072B4DE72900D349D5 /* Release */ = {
			isa = XCBuildConfiguration;
			buildSettings = {
				ASSETCATALOG_COMPILER_APPICON_NAME = AppIcon;
				ASSETCATALOG_COMPILER_GLOBAL_ACCENT_COLOR_NAME = AccentColor;
				CODE_SIGN_ENTITLEMENTS = Sales/Sales.entitlements;
				CODE_SIGN_STYLE = Automatic;
				CURRENT_PROJECT_VERSION = 1;
				DEVELOPMENT_ASSET_PATHS = "\"Sales/Preview Content\"";
				ENABLE_PREVIEWS = YES;
				GENERATE_INFOPLIST_FILE = YES;
				"INFOPLIST_KEY_UIApplicationSceneManifest_Generation[sdk=iphoneos*]" = YES;
				"INFOPLIST_KEY_UIApplicationSceneManifest_Generation[sdk=iphonesimulator*]" = YES;
				"INFOPLIST_KEY_UIApplicationSupportsIndirectInputEvents[sdk=iphoneos*]" = YES;
				"INFOPLIST_KEY_UIApplicationSupportsIndirectInputEvents[sdk=iphonesimulator*]" = YES;
				"INFOPLIST_KEY_UILaunchScreen_Generation[sdk=iphoneos*]" = YES;
				"INFOPLIST_KEY_UILaunchScreen_Generation[sdk=iphonesimulator*]" = YES;
				"INFOPLIST_KEY_UIStatusBarStyle[sdk=iphoneos*]" = UIStatusBarStyleDefault;
				"INFOPLIST_KEY_UIStatusBarStyle[sdk=iphonesimulator*]" = UIStatusBarStyleDefault;
				INFOPLIST_KEY_UISupportedInterfaceOrientations_iPad = "UIInterfaceOrientationPortrait UIInterfaceOrientationPortraitUpsideDown UIInterfaceOrientationLandscapeLeft UIInterfaceOrientationLandscapeRight";
				INFOPLIST_KEY_UISupportedInterfaceOrientations_iPhone = "UIInterfaceOrientationPortrait UIInterfaceOrientationLandscapeLeft UIInterfaceOrientationLandscapeRight";
				IPHONEOS_DEPLOYMENT_TARGET = 17.2;
				LD_RUNPATH_SEARCH_PATHS = "@executable_path/Frameworks";
				"LD_RUNPATH_SEARCH_PATHS[sdk=macosx*]" = "@executable_path/../Frameworks";
				MACOSX_DEPLOYMENT_TARGET = 14.0;
				MARKETING_VERSION = 1.0;
				PRODUCT_BUNDLE_IDENTIFIER = com.premierdarkcoffee.Sales;
				PRODUCT_NAME = "$(TARGET_NAME)";
				SDKROOT = auto;
				SUPPORTED_PLATFORMS = "iphoneos iphonesimulator macosx";
				SWIFT_EMIT_LOC_STRINGS = YES;
				SWIFT_VERSION = 5.0;
				TARGETED_DEVICE_FAMILY = "1,2";
			};
			name = Release;
		};
		AC0B0D092B4DE72900D349D5 /* Debug */ = {
			isa = XCBuildConfiguration;
			buildSettings = {
				ALWAYS_EMBED_SWIFT_STANDARD_LIBRARIES = YES;
				BUNDLE_LOADER = "$(TEST_HOST)";
				CODE_SIGN_STYLE = Automatic;
				CURRENT_PROJECT_VERSION = 1;
				GENERATE_INFOPLIST_FILE = YES;
				IPHONEOS_DEPLOYMENT_TARGET = 17.2;
				MACOSX_DEPLOYMENT_TARGET = 14.2;
				MARKETING_VERSION = 1.0;
				PRODUCT_BUNDLE_IDENTIFIER = com.premierdarkcoffee.SalesTests;
				PRODUCT_NAME = "$(TARGET_NAME)";
				SDKROOT = auto;
				SUPPORTED_PLATFORMS = "iphoneos iphonesimulator macosx";
				SWIFT_EMIT_LOC_STRINGS = NO;
				SWIFT_VERSION = 5.0;
				TARGETED_DEVICE_FAMILY = "1,2";
				TEST_HOST = "$(BUILT_PRODUCTS_DIR)/Sales.app/$(BUNDLE_EXECUTABLE_FOLDER_PATH)/Sales";
			};
			name = Debug;
		};
		AC0B0D0A2B4DE72900D349D5 /* Release */ = {
			isa = XCBuildConfiguration;
			buildSettings = {
				ALWAYS_EMBED_SWIFT_STANDARD_LIBRARIES = YES;
				BUNDLE_LOADER = "$(TEST_HOST)";
				CODE_SIGN_STYLE = Automatic;
				CURRENT_PROJECT_VERSION = 1;
				GENERATE_INFOPLIST_FILE = YES;
				IPHONEOS_DEPLOYMENT_TARGET = 17.2;
				MACOSX_DEPLOYMENT_TARGET = 14.2;
				MARKETING_VERSION = 1.0;
				PRODUCT_BUNDLE_IDENTIFIER = com.premierdarkcoffee.SalesTests;
				PRODUCT_NAME = "$(TARGET_NAME)";
				SDKROOT = auto;
				SUPPORTED_PLATFORMS = "iphoneos iphonesimulator macosx";
				SWIFT_EMIT_LOC_STRINGS = NO;
				SWIFT_VERSION = 5.0;
				TARGETED_DEVICE_FAMILY = "1,2";
				TEST_HOST = "$(BUILT_PRODUCTS_DIR)/Sales.app/$(BUNDLE_EXECUTABLE_FOLDER_PATH)/Sales";
			};
			name = Release;
		};
		AC0B0D0C2B4DE72900D349D5 /* Debug */ = {
			isa = XCBuildConfiguration;
			buildSettings = {
				ALWAYS_EMBED_SWIFT_STANDARD_LIBRARIES = YES;
				CODE_SIGN_STYLE = Automatic;
				CURRENT_PROJECT_VERSION = 1;
				GENERATE_INFOPLIST_FILE = YES;
				IPHONEOS_DEPLOYMENT_TARGET = 17.2;
				MACOSX_DEPLOYMENT_TARGET = 14.2;
				MARKETING_VERSION = 1.0;
				PRODUCT_BUNDLE_IDENTIFIER = com.premierdarkcoffee.SalesUITests;
				PRODUCT_NAME = "$(TARGET_NAME)";
				SDKROOT = auto;
				SUPPORTED_PLATFORMS = "iphoneos iphonesimulator macosx";
				SWIFT_EMIT_LOC_STRINGS = NO;
				SWIFT_VERSION = 5.0;
				TARGETED_DEVICE_FAMILY = "1,2";
				TEST_TARGET_NAME = Sales;
			};
			name = Debug;
		};
		AC0B0D0D2B4DE72900D349D5 /* Release */ = {
			isa = XCBuildConfiguration;
			buildSettings = {
				ALWAYS_EMBED_SWIFT_STANDARD_LIBRARIES = YES;
				CODE_SIGN_STYLE = Automatic;
				CURRENT_PROJECT_VERSION = 1;
				GENERATE_INFOPLIST_FILE = YES;
				IPHONEOS_DEPLOYMENT_TARGET = 17.2;
				MACOSX_DEPLOYMENT_TARGET = 14.2;
				MARKETING_VERSION = 1.0;
				PRODUCT_BUNDLE_IDENTIFIER = com.premierdarkcoffee.SalesUITests;
				PRODUCT_NAME = "$(TARGET_NAME)";
				SDKROOT = auto;
				SUPPORTED_PLATFORMS = "iphoneos iphonesimulator macosx";
				SWIFT_EMIT_LOC_STRINGS = NO;
				SWIFT_VERSION = 5.0;
				TARGETED_DEVICE_FAMILY = "1,2";
				TEST_TARGET_NAME = Sales;
			};
			name = Release;
		};
/* End XCBuildConfiguration section */

/* Begin XCConfigurationList section */
		AC0B0CD92B4DE72800D349D5 /* Build configuration list for PBXProject "Sales" */ = {
			isa = XCConfigurationList;
			buildConfigurations = (
				AC0B0D032B4DE72900D349D5 /* Debug */,
				AC0B0D042B4DE72900D349D5 /* Release */,
			);
			defaultConfigurationIsVisible = 0;
			defaultConfigurationName = Release;
		};
		AC0B0D052B4DE72900D349D5 /* Build configuration list for PBXNativeTarget "Sales" */ = {
			isa = XCConfigurationList;
			buildConfigurations = (
				AC0B0D062B4DE72900D349D5 /* Debug */,
				AC0B0D072B4DE72900D349D5 /* Release */,
			);
			defaultConfigurationIsVisible = 0;
			defaultConfigurationName = Release;
		};
		AC0B0D082B4DE72900D349D5 /* Build configuration list for PBXNativeTarget "SalesTests" */ = {
			isa = XCConfigurationList;
			buildConfigurations = (
				AC0B0D092B4DE72900D349D5 /* Debug */,
				AC0B0D0A2B4DE72900D349D5 /* Release */,
			);
			defaultConfigurationIsVisible = 0;
			defaultConfigurationName = Release;
		};
		AC0B0D0B2B4DE72900D349D5 /* Build configuration list for PBXNativeTarget "SalesUITests" */ = {
			isa = XCConfigurationList;
			buildConfigurations = (
				AC0B0D0C2B4DE72900D349D5 /* Debug */,
				AC0B0D0D2B4DE72900D349D5 /* Release */,
			);
			defaultConfigurationIsVisible = 0;
			defaultConfigurationName = Release;
		};
/* End XCConfigurationList section */
	};
	rootObject = AC0B0CD62B4DE72800D349D5 /* Project object */;
}
